{
  "name": "bot",
  "lockfileVersion": 3,
  "requires": true,
  "packages": {
    "": {
      "dependencies": {
        "@atproto/api": "^0.6.20",
        "cron": "^3.1.0",
        "dotenv": "^16.3.1",
        "process": "^0.11.10"
      }
    },
    "node_modules/@atproto/api": {
      "version": "0.6.20",
      "resolved": "https://registry.npmjs.org/@atproto/api/-/api-0.6.20.tgz",
      "integrity": "sha512-+peoKgkaxbglXQg9qEZcZIvyWm39yj0+syV3TBDrz5cWK4OIsdOyYBg2iISy+jvB5RzEUMe2WvOojP6Nq34mOg==",
      "dependencies": {
        "@atproto/common-web": "^0.2.1",
        "@atproto/lexicon": "^0.2.2",
        "@atproto/syntax": "^0.1.2",
        "@atproto/xrpc": "^0.3.2",
        "multiformats": "^9.9.0",
        "tlds": "^1.234.0",
        "typed-emitter": "^2.1.0"
      }
    },
    "node_modules/@atproto/common-web": {
      "version": "0.2.1",
      "resolved": "https://registry.npmjs.org/@atproto/common-web/-/common-web-0.2.1.tgz",
      "integrity": "sha512-5AoDKkKz7JhXSiicjhPihA/MJMlSuTQ9Aed9fflPuoTuT6C3aXbxaUZEcqqipSwlCfGpOzPmJmWJjMWWsYr2ew==",
      "dependencies": {
        "graphemer": "^1.4.0",
        "multiformats": "^9.9.0",
        "uint8arrays": "3.0.0",
        "zod": "^3.21.4"
      }
    },
    "node_modules/@atproto/lexicon": {
      "version": "0.2.2",
      "resolved": "https://registry.npmjs.org/@atproto/lexicon/-/lexicon-0.2.2.tgz",
      "integrity": "sha512-CvmjaSDavHMOJTuNYE8VjYhL7TVxBYV8QSWh2jHCpzfmj02DvVD9UBIfnoVv67POJkEtWXddjoV9beaIbaq/Xg==",
      "dependencies": {
        "@atproto/common-web": "^0.2.1",
        "@atproto/syntax": "^0.1.2",
        "iso-datestring-validator": "^2.2.2",
        "multiformats": "^9.9.0",
        "zod": "^3.21.4"
      }
    },
    "node_modules/@atproto/syntax": {
      "version": "0.1.2",
      "resolved": "https://registry.npmjs.org/@atproto/syntax/-/syntax-0.1.2.tgz",
      "integrity": "sha512-n6VSuccMGouwftCvZBq9WNwI0qYCMOH/lTHSV+/dT232lX7pIrqisOlErUSBoOJ49B1Wxy1DjeeBS26ap9SsGQ==",
      "dependencies": {
        "@atproto/common-web": "^0.2.1"
      }
    },
    "node_modules/@atproto/xrpc": {
      "version": "0.3.2",
      "resolved": "https://registry.npmjs.org/@atproto/xrpc/-/xrpc-0.3.2.tgz",
      "integrity": "sha512-D9jGjcFnEMHuGQ56v6+78uX3RiytKLrA5ITLq6shy0Qj6Zvt5MqV+/cTFuNPKrNCrnWOtHFeRQwMqyGhNS9qZQ==",
      "dependencies": {
        "@atproto/lexicon": "^0.2.2",
        "zod": "^3.21.4"
      }
    },
    "node_modules/@types/luxon": {
      "version": "3.3.2",
      "resolved": "https://registry.npmjs.org/@types/luxon/-/luxon-3.3.2.tgz",
      "integrity": "sha512-l5cpE57br4BIjK+9BSkFBOsWtwv6J9bJpC7gdXIzZyI0vuKvNTk0wZZrkQxMGsUAuGW9+WMNWF2IJMD7br2yeQ=="
    },
    "node_modules/cron": {
      "version": "3.1.0",
      "resolved": "https://registry.npmjs.org/cron/-/cron-3.1.0.tgz",
      "integrity": "sha512-u6Z89TV7zhG7aW7MX7aLQhK5PYjTzFpzjFgiSX5r7qC1vjPvRt1FVfarHRaN/5IokEXM1DRJcXnwXI0e9G0awA==",
      "dependencies": {
        "@types/luxon": "~3.3.0",
        "luxon": "~3.3.0"
      }
    },
    "node_modules/dotenv": {
      "version": "16.3.1",
      "resolved": "https://registry.npmjs.org/dotenv/-/dotenv-16.3.1.tgz",
      "integrity": "sha512-IPzF4w4/Rd94bA9imS68tZBaYyBWSCE47V1RGuMrB94iyTOIEwRmVL2x/4An+6mETpLrKJ5hQkB8W4kFAadeIQ==",
      "engines": {
        "node": ">=12"
      },
      "funding": {
        "url": "https://github.com/motdotla/dotenv?sponsor=1"
      }
    },
    "node_modules/graphemer": {
      "version": "1.4.0",
      "resolved": "https://registry.npmjs.org/graphemer/-/graphemer-1.4.0.tgz",
      "integrity": "sha512-EtKwoO6kxCL9WO5xipiHTZlSzBm7WLT627TqC/uVRd0HKmq8NXyebnNYxDoBi7wt8eTWrUrKXCOVaFq9x1kgag=="
    },
    "node_modules/iso-datestring-validator": {
      "version": "2.2.2",
      "resolved": "https://registry.npmjs.org/iso-datestring-validator/-/iso-datestring-validator-2.2.2.tgz",
      "integrity": "sha512-yLEMkBbLZTlVQqOnQ4FiMujR6T4DEcCb1xizmvXS+OxuhwcbtynoosRzdMA69zZCShCNAbi+gJ71FxZBBXx1SA=="
    },
    "node_modules/luxon": {
      "version": "3.3.0",
      "resolved": "https://registry.npmjs.org/luxon/-/luxon-3.3.0.tgz",
      "integrity": "sha512-An0UCfG/rSiqtAIiBPO0Y9/zAnHUZxAMiCpTd5h2smgsj7GGmcenvrvww2cqNA8/4A5ZrD1gJpHN2mIHZQF+Mg==",
      "engines": {
        "node": ">=12"
      }
    },
    "node_modules/multiformats": {
      "version": "9.9.0",
      "resolved": "https://registry.npmjs.org/multiformats/-/multiformats-9.9.0.tgz",
      "integrity": "sha512-HoMUjhH9T8DDBNT+6xzkrd9ga/XiBI4xLr58LJACwK6G3HTOPeMz4nB4KJs33L2BelrIJa7P0VuNaVF3hMYfjg=="
    },
    "node_modules/process": {
      "version": "0.11.10",
      "resolved": "https://registry.npmjs.org/process/-/process-0.11.10.tgz",
      "integrity": "sha512-cdGef/drWFoydD1JsMzuFf8100nZl+GT+yacc2bEced5f9Rjk4z+WtFUTBu9PhOi9j/jfmBPu0mMEY4wIdAF8A==",
      "engines": {
        "node": ">= 0.6.0"
      }
    },
    "node_modules/rxjs": {
      "version": "7.8.1",
      "resolved": "https://registry.npmjs.org/rxjs/-/rxjs-7.8.1.tgz",
      "integrity": "sha512-AA3TVj+0A2iuIoQkWEK/tqFjBq2j+6PO6Y0zJcvzLAFhEFIO3HL0vls9hWLncZbAAbK0mar7oZ4V079I/qPMxg==",
      "optional": true,
      "dependencies": {
        "tslib": "^2.1.0"
      }
    },
    "node_modules/tlds": {
      "version": "1.242.0",
      "resolved": "https://registry.npmjs.org/tlds/-/tlds-1.242.0.tgz",
      "integrity": "sha512-aP3dXawgmbfU94mA32CJGHmJUE1E58HCB1KmlKRhBNtqBL27mSQcAEmcaMaQ1Za9kIVvOdbxJD3U5ycDy7nJ3w==",
      "bin": {
        "tlds": "bin.js"
      }
    },
    "node_modules/tslib": {
      "version": "2.6.2",
      "resolved": "https://registry.npmjs.org/tslib/-/tslib-2.6.2.tgz",
      "integrity": "sha512-AEYxH93jGFPn/a2iVAwW87VuUIkR1FVUKB77NwMF7nBTDkDrrT/Hpt/IrCJ0QXhW27jTBDcf5ZY7w6RiqTMw2Q==",
      "optional": true
    },
    "node_modules/typed-emitter": {
      "version": "2.1.0",
      "resolved": "https://registry.npmjs.org/typed-emitter/-/typed-emitter-2.1.0.tgz",
      "integrity": "sha512-g/KzbYKbH5C2vPkaXGu8DJlHrGKHLsM25Zg9WuC9pMGfuvT+X25tZQWo5fK1BjBm8+UrVE9LDCvaY0CQk+fXDA==",
      "optionalDependencies": {
        "rxjs": "*"
      }
    },
    "node_modules/uint8arrays": {
      "version": "3.0.0",
      "resolved": "https://registry.npmjs.org/uint8arrays/-/uint8arrays-3.0.0.tgz",
      "integrity": "sha512-HRCx0q6O9Bfbp+HHSfQQKD7wU70+lydKVt4EghkdOvlK/NlrF90z+eXV34mUd48rNvVJXwkrMSPpCATkct8fJA==",
      "dependencies": {
        "multiformats": "^9.4.2"
      }
    },
    "node_modules/zod": {
      "version": "3.22.4",
      "resolved": "https://registry.npmjs.org/zod/-/zod-3.22.4.tgz",
      "integrity": "sha512-iC+8Io04lddc+mVqQ9AZ7OQ2MrUKGN+oIQyq1vemgt46jwCwLfhq7/pwnBnNXXXZb8VTVLKwp9EDkx+ryxIWmg==",
      "funding": {
        "url": "https://github.com/sponsors/colinhacks"
      }
    }
  }
}
