{
  "name": "ts-bot",
  "lockfileVersion": 3,
  "requires": true,
  "packages": {
    "": {
      "dependencies": {
        "@atproto/api": "^0.13.19",
        "process": "^0.11.10"
      },
      "devDependencies": {
        "@types/node": "^22.10.1"
      },
      "engines": {
        "node": ">=20.6.0"
      }
    },
    "node_modules/@atproto/api": {
      "version": "0.13.19",
      "resolved": "https://registry.npmjs.org/@atproto/api/-/api-0.13.19.tgz",
      "integrity": "sha512-rLWQBZaOIk3ds1Fx9CwrdyX3X2GbdSEvVJ9mdSPNX40joiEaE1ljGMOcziFipbvZacXynozE4E0Sb1CgOhzfmA==",
      "license": "MIT",
      "dependencies": {
        "@atproto/common-web": "^0.3.1",
        "@atproto/lexicon": "^0.4.3",
        "@atproto/syntax": "^0.3.1",
        "@atproto/xrpc": "^0.6.4",
        "await-lock": "^2.2.2",
        "multiformats": "^9.9.0",
        "tlds": "^1.234.0",
        "zod": "^3.23.8"
      }
    },
    "node_modules/@atproto/common-web": {
      "version": "0.3.1",
      "resolved": "https://registry.npmjs.org/@atproto/common-web/-/common-web-0.3.1.tgz",
      "integrity": "sha512-N7wiTnus5vAr+lT//0y8m/FaHHLJ9LpGuEwkwDAeV3LCiPif4m/FS8x/QOYrx1PdZQwKso95RAPzCGWQBH5j6Q==",
      "license": "MIT",
      "dependencies": {
        "graphemer": "^1.4.0",
        "multiformats": "^9.9.0",
        "uint8arrays": "3.0.0",
        "zod": "^3.23.8"
      }
    },
    "node_modules/@atproto/lexicon": {
      "version": "0.4.3",
      "resolved": "https://registry.npmjs.org/@atproto/lexicon/-/lexicon-0.4.3.tgz",
      "integrity": "sha512-lFVZXe1S1pJP0dcxvJuHP3r/a+EAIBwwU7jUK+r8iLhIja+ml6NmYv8KeFHmIJATh03spEQ9s02duDmFVdCoXg==",
      "license": "MIT",
      "dependencies": {
        "@atproto/common-web": "^0.3.1",
        "@atproto/syntax": "^0.3.1",
        "iso-datestring-validator": "^2.2.2",
        "multiformats": "^9.9.0",
        "zod": "^3.23.8"
      }
    },
    "node_modules/@atproto/syntax": {
      "version": "0.3.1",
      "resolved": "https://registry.npmjs.org/@atproto/syntax/-/syntax-0.3.1.tgz",
      "integrity": "sha512-fzW0Mg1QUOVCWUD3RgEsDt6d1OZ6DdFmbKcDdbzUfh0t4rhtRAC05KbZYmxuMPWDAiJ4BbbQ5dkAc/mNypMXkw==",
      "license": "MIT"
    },
    "node_modules/@atproto/xrpc": {
      "version": "0.6.4",
      "resolved": "https://registry.npmjs.org/@atproto/xrpc/-/xrpc-0.6.4.tgz",
      "integrity": "sha512-9ZAJ8nsXTqC4XFyS0E1Wlg7bAvonhXQNQ3Ocs1L1LIwFLXvsw/4fNpIHXxvXvqTCVeyHLbImOnE9UiO1c/qIYA==",
      "license": "MIT",
      "dependencies": {
        "@atproto/lexicon": "^0.4.3",
        "zod": "^3.23.8"
      }
    },
    "node_modules/@types/node": {
      "version": "22.10.1",
      "resolved": "https://registry.npmjs.org/@types/node/-/node-22.10.1.tgz",
      "integrity": "sha512-qKgsUwfHZV2WCWLAnVP1JqnpE6Im6h3Y0+fYgMTasNQ7V++CBX5OT1as0g0f+OyubbFqhf6XVNIsmN4IIhEgGQ==",
      "dev": true,
      "license": "MIT",
      "dependencies": {
        "undici-types": "~6.20.0"
      }
    },
    "node_modules/await-lock": {
      "version": "2.2.2",
      "resolved": "https://registry.npmjs.org/await-lock/-/await-lock-2.2.2.tgz",
      "integrity": "sha512-aDczADvlvTGajTDjcjpJMqRkOF6Qdz3YbPZm/PyW6tKPkx2hlYBzxMhEywM/tU72HrVZjgl5VCdRuMlA7pZ8Gw==",
      "license": "MIT"
    },
    "node_modules/graphemer": {
      "version": "1.4.0",
      "resolved": "https://registry.npmjs.org/graphemer/-/graphemer-1.4.0.tgz",
      "integrity": "sha512-EtKwoO6kxCL9WO5xipiHTZlSzBm7WLT627TqC/uVRd0HKmq8NXyebnNYxDoBi7wt8eTWrUrKXCOVaFq9x1kgag==",
      "license": "MIT"
    },
    "node_modules/iso-datestring-validator": {
      "version": "2.2.2",
      "resolved": "https://registry.npmjs.org/iso-datestring-validator/-/iso-datestring-validator-2.2.2.tgz",
      "integrity": "sha512-yLEMkBbLZTlVQqOnQ4FiMujR6T4DEcCb1xizmvXS+OxuhwcbtynoosRzdMA69zZCShCNAbi+gJ71FxZBBXx1SA==",
      "license": "MIT"
    },
    "node_modules/multiformats": {
      "version": "9.9.0",
      "resolved": "https://registry.npmjs.org/multiformats/-/multiformats-9.9.0.tgz",
      "integrity": "sha512-HoMUjhH9T8DDBNT+6xzkrd9ga/XiBI4xLr58LJACwK6G3HTOPeMz4nB4KJs33L2BelrIJa7P0VuNaVF3hMYfjg==",
      "license": "(Apache-2.0 AND MIT)"
    },
    "node_modules/process": {
      "version": "0.11.10",
      "resolved": "https://registry.npmjs.org/process/-/process-0.11.10.tgz",
      "integrity": "sha512-cdGef/drWFoydD1JsMzuFf8100nZl+GT+yacc2bEced5f9Rjk4z+WtFUTBu9PhOi9j/jfmBPu0mMEY4wIdAF8A==",
      "license": "MIT",
      "engines": {
        "node": ">= 0.6.0"
      }
    },
    "node_modules/tlds": {
      "version": "1.255.0",
      "resolved": "https://registry.npmjs.org/tlds/-/tlds-1.255.0.tgz",
      "integrity": "sha512-tcwMRIioTcF/FcxLev8MJWxCp+GUALRhFEqbDoZrnowmKSGqPrl5pqS+Sut2m8BgJ6S4FExCSSpGffZ0Tks6Aw==",
      "license": "MIT",
      "bin": {
        "tlds": "bin.js"
      }
    },
    "node_modules/uint8arrays": {
      "version": "3.0.0",
      "resolved": "https://registry.npmjs.org/uint8arrays/-/uint8arrays-3.0.0.tgz",
      "integrity": "sha512-HRCx0q6O9Bfbp+HHSfQQKD7wU70+lydKVt4EghkdOvlK/NlrF90z+eXV34mUd48rNvVJXwkrMSPpCATkct8fJA==",
      "license": "MIT",
      "dependencies": {
        "multiformats": "^9.4.2"
      }
    },
    "node_modules/undici-types": {
      "version": "6.20.0",
      "resolved": "https://registry.npmjs.org/undici-types/-/undici-types-6.20.0.tgz",
      "integrity": "sha512-Ny6QZ2Nju20vw1SRHe3d9jVu6gJ+4e3+MMpqu7pqE5HT6WsTSlce++GQmK5UXS8mzV8DSYHrQH+Xrf2jVcuKNg==",
      "dev": true,
      "license": "MIT"
    },
    "node_modules/zod": {
      "version": "3.23.8",
      "resolved": "https://registry.npmjs.org/zod/-/zod-3.23.8.tgz",
      "integrity": "sha512-XBx9AXhXktjUqnepgTiE5flcKIYWi/rme0Eaj+5Y0lftuGBq+jyRu/md4WnuxqgP1ubdpNCsYEYPxrzVHD8d6g==",
      "license": "MIT",
      "funding": {
        "url": "https://github.com/sponsors/colinhacks"
      }
    }
  }
}
